
Microsoft Visual Studio Solution File, Format Version 12.00
# Visual Studio 15
VisualStudioVersion = 15.0.27004.2010
MinimumVisualStudioVersion = 10.0.40219.1
Project("{FAE04EC0-301F-11D3-BF4B-00C04F79EFBC}") = "KizeoAndSharepoint wizard", "KizeoAndSharepoint wizard\KizeoAndSharepoint wizard.csproj", "{1E24AA6D-D817-48BE-8978-4D7F4D790678}"
EndProject
Project("{FAE04EC0-301F-11D3-BF4B-00C04F79EFBC}") = "SharepointConnector", "ConnectorSharepoint\SharepointConnector.csproj", "{50C5452E-68B1-4F43-A099-E9D8254004D9}"
EndProject
Project("{54435603-DBB4-11D2-8724-00A0C9A8B90C}") = "Setup", "Setup\Setup.vdproj", "{D38733BB-041D-4511-8BA7-56E31549D614}"
EndProject
Global
	GlobalSection(SolutionConfigurationPlatforms) = preSolution
		All|Any CPU = All|Any CPU
		Debug|Any CPU = Debug|Any CPU
		Release|Any CPU = Release|Any CPU
	EndGlobalSection
	GlobalSection(ProjectConfigurationPlatforms) = postSolution
		{1E24AA6D-D817-48BE-8978-4D7F4D790678}.All|Any CPU.ActiveCfg = Release|Any CPU
		{1E24AA6D-D817-48BE-8978-4D7F4D790678}.All|Any CPU.Build.0 = Release|Any CPU
		{1E24AA6D-D817-48BE-8978-4D7F4D790678}.Debug|Any CPU.ActiveCfg = Debug|Any CPU
		{1E24AA6D-D817-48BE-8978-4D7F4D790678}.Debug|Any CPU.Build.0 = Debug|Any CPU
		{1E24AA6D-D817-48BE-8978-4D7F4D790678}.Release|Any CPU.ActiveCfg = Release|Any CPU
		{1E24AA6D-D817-48BE-8978-4D7F4D790678}.Release|Any CPU.Build.0 = Release|Any CPU
		{50C5452E-68B1-4F43-A099-E9D8254004D9}.All|Any CPU.ActiveCfg = Release|Any CPU
		{50C5452E-68B1-4F43-A099-E9D8254004D9}.All|Any CPU.Build.0 = Release|Any CPU
		{50C5452E-68B1-4F43-A099-E9D8254004D9}.Debug|Any CPU.ActiveCfg = Debug|Any CPU
		{50C5452E-68B1-4F43-A099-E9D8254004D9}.Debug|Any CPU.Build.0 = Debug|Any CPU
		{50C5452E-68B1-4F43-A099-E9D8254004D9}.Release|Any CPU.ActiveCfg = Release|Any CPU
		{50C5452E-68B1-4F43-A099-E9D8254004D9}.Release|Any CPU.Build.0 = Release|Any CPU
		{D38733BB-041D-4511-8BA7-56E31549D614}.All|Any CPU.ActiveCfg = Release
		{D38733BB-041D-4511-8BA7-56E31549D614}.All|Any CPU.Build.0 = Release
		{D38733BB-041D-4511-8BA7-56E31549D614}.Debug|Any CPU.ActiveCfg = Debug
		{D38733BB-041D-4511-8BA7-56E31549D614}.Debug|Any CPU.Build.0 = Debug
		{D38733BB-041D-4511-8BA7-56E31549D614}.Release|Any CPU.ActiveCfg = Release
		{D38733BB-041D-4511-8BA7-56E31549D614}.Release|Any CPU.Build.0 = Release
	EndGlobalSection
	GlobalSection(SolutionProperties) = preSolution
		HideSolutionNode = FALSE
	EndGlobalSection
	GlobalSection(ExtensibilityGlobals) = postSolution
		SolutionGuid = {280FC2E6-A499-4928-BDB7-9A45560E26AB}
	EndGlobalSection
EndGlobal
