
Microsoft Visual Studio Solution File, Format Version 12.00
# Visual Studio Version 16
VisualStudioVersion = 16.0.30309.148
MinimumVisualStudioVersion = 10.0.40219.1
Project("{FAE04EC0-301F-11D3-BF4B-00C04F79EFBC}") = "KizeoAndSharepoint wizard", "KizeoAndSharepoint wizard\KizeoAndSharepoint wizard.csproj", "{1E24AA6D-D817-48BE-8978-4D7F4D790678}"
EndProject
Project("{FAE04EC0-301F-11D3-BF4B-00C04F79EFBC}") = "SharepointConnector", "ConnectorSharepoint\SharepointConnector.csproj", "{50C5452E-68B1-4F43-A099-E9D8254004D9}"
EndProject
Project("{54435603-DBB4-11D2-8724-00A0C9A8B90C}") = "SetupWizard", "SetupWizard\SetupWizard.vdproj", "{5736B80E-20DE-451E-A391-79E2CD2E0BC7}"
EndProject
Project("{54435603-DBB4-11D2-8724-00A0C9A8B90C}") = "SetupConnector", "SetupConnector\SetupConnector.vdproj", "{D68DFCBF-316C-4A53-B1D1-CFD9EE55AEE0}"
EndProject
Project("{54435603-DBB4-11D2-8724-00A0C9A8B90C}") = "SetupSharePoint", "SetupSHarePoint\SetupSHarePoint.vdproj", "{893289F6-7C8D-4BD0-9CA8-C7537DC339D0}"
EndProject
Project("{2150E333-8FDC-42A3-9474-1A3956D46DE8}") = "Solution Items", "Solution Items", "{F5AAE9F2-9FD1-4CB2-9CBD-587A64FC831D}"
	ProjectSection(SolutionItems) = preProject
		version.txt = version.txt
	EndProjectSection
EndProject
Global
	GlobalSection(SolutionConfigurationPlatforms) = preSolution
		All|Any CPU = All|Any CPU
		Debug|Any CPU = Debug|Any CPU
		Release|Any CPU = Release|Any CPU
	EndGlobalSection
	GlobalSection(ProjectConfigurationPlatforms) = postSolution
		{1E24AA6D-D817-48BE-8978-4D7F4D790678}.All|Any CPU.ActiveCfg = Release|Any CPU
		{1E24AA6D-D817-48BE-8978-4D7F4D790678}.All|Any CPU.Build.0 = Release|Any CPU
		{1E24AA6D-D817-48BE-8978-4D7F4D790678}.Debug|Any CPU.ActiveCfg = Debug|Any CPU
		{1E24AA6D-D817-48BE-8978-4D7F4D790678}.Debug|Any CPU.Build.0 = Debug|Any CPU
		{1E24AA6D-D817-48BE-8978-4D7F4D790678}.Release|Any CPU.ActiveCfg = Release|Any CPU
		{1E24AA6D-D817-48BE-8978-4D7F4D790678}.Release|Any CPU.Build.0 = Release|Any CPU
		{50C5452E-68B1-4F43-A099-E9D8254004D9}.All|Any CPU.ActiveCfg = Release|Any CPU
		{50C5452E-68B1-4F43-A099-E9D8254004D9}.All|Any CPU.Build.0 = Release|Any CPU
		{50C5452E-68B1-4F43-A099-E9D8254004D9}.Debug|Any CPU.ActiveCfg = Debug|Any CPU
		{50C5452E-68B1-4F43-A099-E9D8254004D9}.Debug|Any CPU.Build.0 = Debug|Any CPU
		{50C5452E-68B1-4F43-A099-E9D8254004D9}.Release|Any CPU.ActiveCfg = Release|Any CPU
		{50C5452E-68B1-4F43-A099-E9D8254004D9}.Release|Any CPU.Build.0 = Release|Any CPU
		{5736B80E-20DE-451E-A391-79E2CD2E0BC7}.All|Any CPU.ActiveCfg = Release
		{5736B80E-20DE-451E-A391-79E2CD2E0BC7}.Debug|Any CPU.ActiveCfg = Debug
		{5736B80E-20DE-451E-A391-79E2CD2E0BC7}.Release|Any CPU.ActiveCfg = Release
		{D68DFCBF-316C-4A53-B1D1-CFD9EE55AEE0}.All|Any CPU.ActiveCfg = Release
		{D68DFCBF-316C-4A53-B1D1-CFD9EE55AEE0}.Debug|Any CPU.ActiveCfg = Debug
		{D68DFCBF-316C-4A53-B1D1-CFD9EE55AEE0}.Release|Any CPU.ActiveCfg = Release
		{893289F6-7C8D-4BD0-9CA8-C7537DC339D0}.All|Any CPU.ActiveCfg = Release
		{893289F6-7C8D-4BD0-9CA8-C7537DC339D0}.Debug|Any CPU.ActiveCfg = Debug
		{893289F6-7C8D-4BD0-9CA8-C7537DC339D0}.Release|Any CPU.ActiveCfg = Release
	EndGlobalSection
	GlobalSection(SolutionProperties) = preSolution
		HideSolutionNode = FALSE
	EndGlobalSection
	GlobalSection(ExtensibilityGlobals) = postSolution
		SolutionGuid = {280FC2E6-A499-4928-BDB7-9A45560E26AB}
	EndGlobalSection
EndGlobal
